// !$*UTF8*$!
{
	archiveVersion = 1;
	classes = {
	};
	objectVersion = 55;
	objects = {

/* Begin PBXBuildFile section */
		00803FC4D5F5AAB2C76A1E46 /* Pods_Snacktacular.framework in Frameworks */ = {isa = PBXBuildFile; fileRef = 7F3F9D1258710090430D4432 /* Pods_Snacktacular.framework */; };
		A423C1EB273C8E0000D1244F /* UIView+addBorder.swift in Sources */ = {isa = PBXBuildFile; fileRef = A423C1EA273C8DFF00D1244F /* UIView+addBorder.swift */; };
		A423C1ED273C8E8D00D1244F /* UIBarButtonItem+hide.swift in Sources */ = {isa = PBXBuildFile; fileRef = A423C1EC273C8E8D00D1244F /* UIBarButtonItem+hide.swift */; };
		A423C1EF273DB92F00D1244F /* PhotoViewController.swift in Sources */ = {isa = PBXBuildFile; fileRef = A423C1EE273DB92F00D1244F /* PhotoViewController.swift */; };
		A423C1F1273DC17B00D1244F /* Photo.swift in Sources */ = {isa = PBXBuildFile; fileRef = A423C1F0273DC17B00D1244F /* Photo.swift */; };
		A42FE61D272DD9FB008F35DD /* Spots.swift in Sources */ = {isa = PBXBuildFile; fileRef = A42FE61C272DD9FB008F35DD /* Spots.swift */; };
		A42FE61F272EECB3008F35DD /* APIKeys.swift in Sources */ = {isa = PBXBuildFile; fileRef = A42FE61E272EECB3008F35DD /* APIKeys.swift */; };
		A43D1929275125AE00437B4A /* SnackUser.swift in Sources */ = {isa = PBXBuildFile; fileRef = A43D1928275125AE00437B4A /* SnackUser.swift */; };
		A43D192B2751313000437B4A /* SnackUserViewController.swift in Sources */ = {isa = PBXBuildFile; fileRef = A43D192A2751313000437B4A /* SnackUserViewController.swift */; };
		A43D192D2751315100437B4A /* SnackUserTableViewCell.swift in Sources */ = {isa = PBXBuildFile; fileRef = A43D192C2751315100437B4A /* SnackUserTableViewCell.swift */; };
		A43D192F275132C800437B4A /* SnackUsers.swift in Sources */ = {isa = PBXBuildFile; fileRef = A43D192E275132C800437B4A /* SnackUsers.swift */; };
		A44DB63B2736EB9B006E345E /* Review.swift in Sources */ = {isa = PBXBuildFile; fileRef = A44DB63A2736EB9B006E345E /* Review.swift */; };
		A44DB63D2736EE0D006E345E /* Reviews.swift in Sources */ = {isa = PBXBuildFile; fileRef = A44DB63C2736EE0D006E345E /* Reviews.swift */; };
		A4AB644227382D830027C312 /* SpotReviewTableViewCell.swift in Sources */ = {isa = PBXBuildFile; fileRef = A4AB644127382D830027C312 /* SpotReviewTableViewCell.swift */; };
		A4BF75D327342E51002AEF03 /* ReviewTableViewController.swift in Sources */ = {isa = PBXBuildFile; fileRef = A4BF75D227342E51002AEF03 /* ReviewTableViewController.swift */; };
		A4CF7A202741BB6600D0AD13 /* Photos.swift in Sources */ = {isa = PBXBuildFile; fileRef = A4CF7A1F2741BB6600D0AD13 /* Photos.swift */; };
		A4CF7A222741BFCA00D0AD13 /* SpotPhotoCollectionViewCell.swift in Sources */ = {isa = PBXBuildFile; fileRef = A4CF7A212741BFCA00D0AD13 /* SpotPhotoCollectionViewCell.swift */; };
		A4E0BD28272B056100388D32 /* AppDelegate.swift in Sources */ = {isa = PBXBuildFile; fileRef = A4E0BD27272B056100388D32 /* AppDelegate.swift */; };
		A4E0BD2A272B056100388D32 /* SceneDelegate.swift in Sources */ = {isa = PBXBuildFile; fileRef = A4E0BD29272B056100388D32 /* SceneDelegate.swift */; };
		A4E0BD2C272B056100388D32 /* LoginViewController.swift in Sources */ = {isa = PBXBuildFile; fileRef = A4E0BD2B272B056100388D32 /* LoginViewController.swift */; };
		A4E0BD2F272B056100388D32 /* Main.storyboard in Resources */ = {isa = PBXBuildFile; fileRef = A4E0BD2D272B056100388D32 /* Main.storyboard */; };
		A4E0BD31272B056400388D32 /* Assets.xcassets in Resources */ = {isa = PBXBuildFile; fileRef = A4E0BD30272B056400388D32 /* Assets.xcassets */; };
		A4E0BD34272B056400388D32 /* LaunchScreen.storyboard in Resources */ = {isa = PBXBuildFile; fileRef = A4E0BD32272B056400388D32 /* LaunchScreen.storyboard */; };
		A4E0BD3C272B618000388D32 /* GoogleService-Info.plist in Resources */ = {isa = PBXBuildFile; fileRef = A4E0BD3B272B618000388D32 /* GoogleService-Info.plist */; };
		A4E0BD3E272B6D7B00388D32 /* SpotListViewController.swift in Sources */ = {isa = PBXBuildFile; fileRef = A4E0BD3D272B6D7B00388D32 /* SpotListViewController.swift */; };
		A4E0BD40272B6EF600388D32 /* SpotTableViewCell.swift in Sources */ = {isa = PBXBuildFile; fileRef = A4E0BD3F272B6EF600388D32 /* SpotTableViewCell.swift */; };
		A4E0BD42272B713D00388D32 /* SpotDetailViewController.swift in Sources */ = {isa = PBXBuildFile; fileRef = A4E0BD41272B713D00388D32 /* SpotDetailViewController.swift */; };
		A4E0BD44272C860800388D32 /* Spot.swift in Sources */ = {isa = PBXBuildFile; fileRef = A4E0BD43272C860800388D32 /* Spot.swift */; };
		A4E0BD46272C917E00388D32 /* UIViewController+alert.swift in Sources */ = {isa = PBXBuildFile; fileRef = A4E0BD45272C917D00388D32 /* UIViewController+alert.swift */; };
/* End PBXBuildFile section */

/* Begin PBXFileReference section */
		0F3CB79E421BB423D1491D12 /* Pods-Snacktacular.release.xcconfig */ = {isa = PBXFileReference; includeInIndex = 1; lastKnownFileType = text.xcconfig; name = "Pods-Snacktacular.release.xcconfig"; path = "Target Support Files/Pods-Snacktacular/Pods-Snacktacular.release.xcconfig"; sourceTree = "<group>"; };
		7F3F9D1258710090430D4432 /* Pods_Snacktacular.framework */ = {isa = PBXFileReference; explicitFileType = wrapper.framework; includeInIndex = 0; path = Pods_Snacktacular.framework; sourceTree = BUILT_PRODUCTS_DIR; };
		A1D74B561C1B7CD4DDD4C398 /* Pods-Snacktacular.debug.xcconfig */ = {isa = PBXFileReference; includeInIndex = 1; lastKnownFileType = text.xcconfig; name = "Pods-Snacktacular.debug.xcconfig"; path = "Target Support Files/Pods-Snacktacular/Pods-Snacktacular.debug.xcconfig"; sourceTree = "<group>"; };
		A423C1EA273C8DFF00D1244F /* UIView+addBorder.swift */ = {isa = PBXFileReference; lastKnownFileType = sourcecode.swift; path = "UIView+addBorder.swift"; sourceTree = "<group>"; };
		A423C1EC273C8E8D00D1244F /* UIBarButtonItem+hide.swift */ = {isa = PBXFileReference; lastKnownFileType = sourcecode.swift; path = "UIBarButtonItem+hide.swift"; sourceTree = "<group>"; };
		A423C1EE273DB92F00D1244F /* PhotoViewController.swift */ = {isa = PBXFileReference; lastKnownFileType = sourcecode.swift; path = PhotoViewController.swift; sourceTree = "<group>"; };
		A423C1F0273DC17B00D1244F /* Photo.swift */ = {isa = PBXFileReference; lastKnownFileType = sourcecode.swift; path = Photo.swift; sourceTree = "<group>"; };
		A42FE61C272DD9FB008F35DD /* Spots.swift */ = {isa = PBXFileReference; lastKnownFileType = sourcecode.swift; path = Spots.swift; sourceTree = "<group>"; };
		A42FE61E272EECB3008F35DD /* APIKeys.swift */ = {isa = PBXFileReference; lastKnownFileType = sourcecode.swift; path = APIKeys.swift; sourceTree = "<group>"; };
		A43D1928275125AE00437B4A /* SnackUser.swift */ = {isa = PBXFileReference; lastKnownFileType = sourcecode.swift; path = SnackUser.swift; sourceTree = "<group>"; };
		A43D192A2751313000437B4A /* SnackUserViewController.swift */ = {isa = PBXFileReference; lastKnownFileType = sourcecode.swift; path = SnackUserViewController.swift; sourceTree = "<group>"; };
		A43D192C2751315100437B4A /* SnackUserTableViewCell.swift */ = {isa = PBXFileReference; lastKnownFileType = sourcecode.swift; path = SnackUserTableViewCell.swift; sourceTree = "<group>"; };
		A43D192E275132C800437B4A /* SnackUsers.swift */ = {isa = PBXFileReference; lastKnownFileType = sourcecode.swift; path = SnackUsers.swift; sourceTree = "<group>"; };
		A44DB63A2736EB9B006E345E /* Review.swift */ = {isa = PBXFileReference; lastKnownFileType = sourcecode.swift; path = Review.swift; sourceTree = "<group>"; };
		A44DB63C2736EE0D006E345E /* Reviews.swift */ = {isa = PBXFileReference; lastKnownFileType = sourcecode.swift; path = Reviews.swift; sourceTree = "<group>"; };
		A4AB644127382D830027C312 /* SpotReviewTableViewCell.swift */ = {isa = PBXFileReference; lastKnownFileType = sourcecode.swift; path = SpotReviewTableViewCell.swift; sourceTree = "<group>"; };
		A4BF75D227342E51002AEF03 /* ReviewTableViewController.swift */ = {isa = PBXFileReference; lastKnownFileType = sourcecode.swift; path = ReviewTableViewController.swift; sourceTree = "<group>"; };
		A4CF7A1F2741BB6600D0AD13 /* Photos.swift */ = {isa = PBXFileReference; lastKnownFileType = sourcecode.swift; path = Photos.swift; sourceTree = "<group>"; };
		A4CF7A212741BFCA00D0AD13 /* SpotPhotoCollectionViewCell.swift */ = {isa = PBXFileReference; lastKnownFileType = sourcecode.swift; path = SpotPhotoCollectionViewCell.swift; sourceTree = "<group>"; };
		A4E0BD24272B056000388D32 /* Snacktacular.app */ = {isa = PBXFileReference; explicitFileType = wrapper.application; includeInIndex = 0; path = Snacktacular.app; sourceTree = BUILT_PRODUCTS_DIR; };
		A4E0BD27272B056100388D32 /* AppDelegate.swift */ = {isa = PBXFileReference; lastKnownFileType = sourcecode.swift; path = AppDelegate.swift; sourceTree = "<group>"; };
		A4E0BD29272B056100388D32 /* SceneDelegate.swift */ = {isa = PBXFileReference; lastKnownFileType = sourcecode.swift; path = SceneDelegate.swift; sourceTree = "<group>"; };
		A4E0BD2B272B056100388D32 /* LoginViewController.swift */ = {isa = PBXFileReference; lastKnownFileType = sourcecode.swift; path = LoginViewController.swift; sourceTree = "<group>"; };
		A4E0BD2E272B056100388D32 /* Base */ = {isa = PBXFileReference; lastKnownFileType = file.storyboard; name = Base; path = Base.lproj/Main.storyboard; sourceTree = "<group>"; };
		A4E0BD30272B056400388D32 /* Assets.xcassets */ = {isa = PBXFileReference; lastKnownFileType = folder.assetcatalog; path = Assets.xcassets; sourceTree = "<group>"; };
		A4E0BD33272B056400388D32 /* Base */ = {isa = PBXFileReference; lastKnownFileType = file.storyboard; name = Base; path = Base.lproj/LaunchScreen.storyboard; sourceTree = "<group>"; };
		A4E0BD35272B056400388D32 /* Info.plist */ = {isa = PBXFileReference; lastKnownFileType = text.plist.xml; path = Info.plist; sourceTree = "<group>"; };
		A4E0BD3B272B618000388D32 /* GoogleService-Info.plist */ = {isa = PBXFileReference; lastKnownFileType = text.plist; path = "GoogleService-Info.plist"; sourceTree = SOURCE_ROOT; };
		A4E0BD3D272B6D7B00388D32 /* SpotListViewController.swift */ = {isa = PBXFileReference; lastKnownFileType = sourcecode.swift; path = SpotListViewController.swift; sourceTree = "<group>"; };
		A4E0BD3F272B6EF600388D32 /* SpotTableViewCell.swift */ = {isa = PBXFileReference; lastKnownFileType = sourcecode.swift; path = SpotTableViewCell.swift; sourceTree = "<group>"; };
		A4E0BD41272B713D00388D32 /* SpotDetailViewController.swift */ = {isa = PBXFileReference; lastKnownFileType = sourcecode.swift; path = SpotDetailViewController.swift; sourceTree = "<group>"; };
		A4E0BD43272C860800388D32 /* Spot.swift */ = {isa = PBXFileReference; lastKnownFileType = sourcecode.swift; path = Spot.swift; sourceTree = "<group>"; };
		A4E0BD45272C917D00388D32 /* UIViewController+alert.swift */ = {isa = PBXFileReference; fileEncoding = 4; lastKnownFileType = sourcecode.swift; path = "UIViewController+alert.swift"; sourceTree = "<group>"; };
/* End PBXFileReference section */

/* Begin PBXFrameworksBuildPhase section */
		A4E0BD21272B056000388D32 /* Frameworks */ = {
			isa = PBXFrameworksBuildPhase;
			buildActionMask = 2147483647;
			files = (
				00803FC4D5F5AAB2C76A1E46 /* Pods_Snacktacular.framework in Frameworks */,
			);
			runOnlyForDeploymentPostprocessing = 0;
		};
/* End PBXFrameworksBuildPhase section */

/* Begin PBXGroup section */
		A4E0BD1B272B056000388D32 = {
			isa = PBXGroup;
			children = (
				A4E0BD26272B056000388D32 /* Snacktacular */,
				A4E0BD25272B056000388D32 /* Products */,
				D8AD412C0FF05DF3EEBBC9B5 /* Pods */,
				FDC405BBAF3F1DD7710230B2 /* Frameworks */,
			);
			sourceTree = "<group>";
		};
		A4E0BD25272B056000388D32 /* Products */ = {
			isa = PBXGroup;
			children = (
				A4E0BD24272B056000388D32 /* Snacktacular.app */,
			);
			name = Products;
			sourceTree = "<group>";
		};
		A4E0BD26272B056000388D32 /* Snacktacular */ = {
			isa = PBXGroup;
			children = (
				A4E0BD27272B056100388D32 /* AppDelegate.swift */,
				A4E0BD29272B056100388D32 /* SceneDelegate.swift */,
				A4E0BD43272C860800388D32 /* Spot.swift */,
				A42FE61C272DD9FB008F35DD /* Spots.swift */,
				A44DB63A2736EB9B006E345E /* Review.swift */,
				A44DB63C2736EE0D006E345E /* Reviews.swift */,
				A423C1F0273DC17B00D1244F /* Photo.swift */,
				A4CF7A1F2741BB6600D0AD13 /* Photos.swift */,
				A43D1928275125AE00437B4A /* SnackUser.swift */,
				A43D192E275132C800437B4A /* SnackUsers.swift */,
				A4E0BD2B272B056100388D32 /* LoginViewController.swift */,
				A4E0BD3D272B6D7B00388D32 /* SpotListViewController.swift */,
				A4E0BD3F272B6EF600388D32 /* SpotTableViewCell.swift */,
				A4E0BD41272B713D00388D32 /* SpotDetailViewController.swift */,
				A4AB644127382D830027C312 /* SpotReviewTableViewCell.swift */,
				A4CF7A212741BFCA00D0AD13 /* SpotPhotoCollectionViewCell.swift */,
				A4BF75D227342E51002AEF03 /* ReviewTableViewController.swift */,
				A423C1EE273DB92F00D1244F /* PhotoViewController.swift */,
				A43D192A2751313000437B4A /* SnackUserViewController.swift */,
				A43D192C2751315100437B4A /* SnackUserTableViewCell.swift */,
				A4E0BD45272C917D00388D32 /* UIViewController+alert.swift */,
				A423C1EA273C8DFF00D1244F /* UIView+addBorder.swift */,
				A423C1EC273C8E8D00D1244F /* UIBarButtonItem+hide.swift */,
				A42FE61E272EECB3008F35DD /* APIKeys.swift */,
				A4E0BD2D272B056100388D32 /* Main.storyboard */,
				A4E0BD30272B056400388D32 /* Assets.xcassets */,
				A4E0BD32272B056400388D32 /* LaunchScreen.storyboard */,
				A4E0BD35272B056400388D32 /* Info.plist */,
				A4E0BD3B272B618000388D32 /* GoogleService-Info.plist */,
			);
			path = Snacktacular;
			sourceTree = "<group>";
		};
		D8AD412C0FF05DF3EEBBC9B5 /* Pods */ = {
			isa = PBXGroup;
			children = (
				A1D74B561C1B7CD4DDD4C398 /* Pods-Snacktacular.debug.xcconfig */,
				0F3CB79E421BB423D1491D12 /* Pods-Snacktacular.release.xcconfig */,
			);
			path = Pods;
			sourceTree = "<group>";
		};
		FDC405BBAF3F1DD7710230B2 /* Frameworks */ = {
			isa = PBXGroup;
			children = (
				7F3F9D1258710090430D4432 /* Pods_Snacktacular.framework */,
			);
			name = Frameworks;
			sourceTree = "<group>";
		};
/* End PBXGroup section */

/* Begin PBXNativeTarget section */
		A4E0BD23272B056000388D32 /* Snacktacular */ = {
			isa = PBXNativeTarget;
			buildConfigurationList = A4E0BD38272B056400388D32 /* Build configuration list for PBXNativeTarget "Snacktacular" */;
			buildPhases = (
				20E1664A9F5320F9D488DDD9 /* [CP] Check Pods Manifest.lock */,
				A4E0BD20272B056000388D32 /* Sources */,
				A4E0BD21272B056000388D32 /* Frameworks */,
				A4E0BD22272B056000388D32 /* Resources */,
				015C839BA589636185A82F0E /* [CP] Embed Pods Frameworks */,
				D690044D6D87B6F6FC1331FE /* [CP] Copy Pods Resources */,
			);
			buildRules = (
			);
			dependencies = (
			);
			name = Snacktacular;
			productName = Snacktacular;
			productReference = A4E0BD24272B056000388D32 /* Snacktacular.app */;
			productType = "com.apple.product-type.application";
		};
/* End PBXNativeTarget section */

/* Begin PBXProject section */
		A4E0BD1C272B056000388D32 /* Project object */ = {
			isa = PBXProject;
			attributes = {
				BuildIndependentTargetsInParallel = 1;
				LastSwiftUpdateCheck = 1310;
				LastUpgradeCheck = 1310;
				TargetAttributes = {
					A4E0BD23272B056000388D32 = {
						CreatedOnToolsVersion = 13.1;
					};
				};
			};
			buildConfigurationList = A4E0BD1F272B056000388D32 /* Build configuration list for PBXProject "Snacktacular" */;
			compatibilityVersion = "Xcode 13.0";
			developmentRegion = en;
			hasScannedForEncodings = 0;
			knownRegions = (
				en,
				Base,
			);
			mainGroup = A4E0BD1B272B056000388D32;
			productRefGroup = A4E0BD25272B056000388D32 /* Products */;
			projectDirPath = "";
			projectRoot = "";
			targets = (
				A4E0BD23272B056000388D32 /* Snacktacular */,
			);
		};
/* End PBXProject section */

/* Begin PBXResourcesBuildPhase section */
		A4E0BD22272B056000388D32 /* Resources */ = {
			isa = PBXResourcesBuildPhase;
			buildActionMask = 2147483647;
			files = (
				A4E0BD34272B056400388D32 /* LaunchScreen.storyboard in Resources */,
				A4E0BD3C272B618000388D32 /* GoogleService-Info.plist in Resources */,
				A4E0BD31272B056400388D32 /* Assets.xcassets in Resources */,
				A4E0BD2F272B056100388D32 /* Main.storyboard in Resources */,
			);
			runOnlyForDeploymentPostprocessing = 0;
		};
/* End PBXResourcesBuildPhase section */

/* Begin PBXShellScriptBuildPhase section */
		015C839BA589636185A82F0E /* [CP] Embed Pods Frameworks */ = {
			isa = PBXShellScriptBuildPhase;
			buildActionMask = 2147483647;
			files = (
			);
			inputFileListPaths = (
				"${PODS_ROOT}/Target Support Files/Pods-Snacktacular/Pods-Snacktacular-frameworks-${CONFIGURATION}-input-files.xcfilelist",
			);
			name = "[CP] Embed Pods Frameworks";
			outputFileListPaths = (
				"${PODS_ROOT}/Target Support Files/Pods-Snacktacular/Pods-Snacktacular-frameworks-${CONFIGURATION}-output-files.xcfilelist",
			);
			runOnlyForDeploymentPostprocessing = 0;
			shellPath = /bin/sh;
			shellScript = "\"${PODS_ROOT}/Target Support Files/Pods-Snacktacular/Pods-Snacktacular-frameworks.sh\"\n";
			showEnvVarsInLog = 0;
		};
		20E1664A9F5320F9D488DDD9 /* [CP] Check Pods Manifest.lock */ = {
			isa = PBXShellScriptBuildPhase;
			buildActionMask = 2147483647;
			files = (
			);
			inputFileListPaths = (
			);
			inputPaths = (
				"${PODS_PODFILE_DIR_PATH}/Podfile.lock",
				"${PODS_ROOT}/Manifest.lock",
			);
			name = "[CP] Check Pods Manifest.lock";
			outputFileListPaths = (
			);
			outputPaths = (
				"$(DERIVED_FILE_DIR)/Pods-Snacktacular-checkManifestLockResult.txt",
			);
			runOnlyForDeploymentPostprocessing = 0;
			shellPath = /bin/sh;
			shellScript = "diff \"${PODS_PODFILE_DIR_PATH}/Podfile.lock\" \"${PODS_ROOT}/Manifest.lock\" > /dev/null\nif [ $? != 0 ] ; then\n    # print error to STDERR\n    echo \"error: The sandbox is not in sync with the Podfile.lock. Run 'pod install' or update your CocoaPods installation.\" >&2\n    exit 1\nfi\n# This output is used by Xcode 'outputs' to avoid re-running this script phase.\necho \"SUCCESS\" > \"${SCRIPT_OUTPUT_FILE_0}\"\n";
			showEnvVarsInLog = 0;
		};
		D690044D6D87B6F6FC1331FE /* [CP] Copy Pods Resources */ = {
			isa = PBXShellScriptBuildPhase;
			buildActionMask = 2147483647;
			files = (
			);
			inputFileListPaths = (
				"${PODS_ROOT}/Target Support Files/Pods-Snacktacular/Pods-Snacktacular-resources-${CONFIGURATION}-input-files.xcfilelist",
			);
			name = "[CP] Copy Pods Resources";
			outputFileListPaths = (
				"${PODS_ROOT}/Target Support Files/Pods-Snacktacular/Pods-Snacktacular-resources-${CONFIGURATION}-output-files.xcfilelist",
			);
			runOnlyForDeploymentPostprocessing = 0;
			shellPath = /bin/sh;
			shellScript = "\"${PODS_ROOT}/Target Support Files/Pods-Snacktacular/Pods-Snacktacular-resources.sh\"\n";
			showEnvVarsInLog = 0;
		};
/* End PBXShellScriptBuildPhase section */

/* Begin PBXSourcesBuildPhase section */
		A4E0BD20272B056000388D32 /* Sources */ = {
			isa = PBXSourcesBuildPhase;
			buildActionMask = 2147483647;
			files = (
				A44DB63D2736EE0D006E345E /* Reviews.swift in Sources */,
				A4E0BD3E272B6D7B00388D32 /* SpotListViewController.swift in Sources */,
				A4E0BD2C272B056100388D32 /* LoginViewController.swift in Sources */,
				A4E0BD28272B056100388D32 /* AppDelegate.swift in Sources */,
				A4E0BD42272B713D00388D32 /* SpotDetailViewController.swift in Sources */,
				A4CF7A202741BB6600D0AD13 /* Photos.swift in Sources */,
				A4BF75D327342E51002AEF03 /* ReviewTableViewController.swift in Sources */,
				A44DB63B2736EB9B006E345E /* Review.swift in Sources */,
				A42FE61D272DD9FB008F35DD /* Spots.swift in Sources */,
				A423C1ED273C8E8D00D1244F /* UIBarButtonItem+hide.swift in Sources */,
				A4E0BD40272B6EF600388D32 /* SpotTableViewCell.swift in Sources */,
				A423C1EF273DB92F00D1244F /* PhotoViewController.swift in Sources */,
				A4AB644227382D830027C312 /* SpotReviewTableViewCell.swift in Sources */,
				A423C1F1273DC17B00D1244F /* Photo.swift in Sources */,
				A43D192D2751315100437B4A /* SnackUserTableViewCell.swift in Sources */,
				A43D192B2751313000437B4A /* SnackUserViewController.swift in Sources */,
				A42FE61F272EECB3008F35DD /* APIKeys.swift in Sources */,
				A4E0BD44272C860800388D32 /* Spot.swift in Sources */,
				A4E0BD2A272B056100388D32 /* SceneDelegate.swift in Sources */,
				A43D1929275125AE00437B4A /* SnackUser.swift in Sources */,
				A4CF7A222741BFCA00D0AD13 /* SpotPhotoCollectionViewCell.swift in Sources */,
				A43D192F275132C800437B4A /* SnackUsers.swift in Sources */,
				A4E0BD46272C917E00388D32 /* UIViewController+alert.swift in Sources */,
				A423C1EB273C8E0000D1244F /* UIView+addBorder.swift in Sources */,
			);
			runOnlyForDeploymentPostprocessing = 0;
		};
/* End PBXSourcesBuildPhase section */

/* Begin PBXVariantGroup section */
		A4E0BD2D272B056100388D32 /* Main.storyboard */ = {
			isa = PBXVariantGroup;
			children = (
				A4E0BD2E272B056100388D32 /* Base */,
			);
			name = Main.storyboard;
			sourceTree = "<group>";
		};
		A4E0BD32272B056400388D32 /* LaunchScreen.storyboard */ = {
			isa = PBXVariantGroup;
			children = (
				A4E0BD33272B056400388D32 /* Base */,
			);
			name = LaunchScreen.storyboard;
			sourceTree = "<group>";
		};
/* End PBXVariantGroup section */

/* Begin XCBuildConfiguration section */
		A4E0BD36272B056400388D32 /* Debug */ = {
			isa = XCBuildConfiguration;
			buildSettings = {
				ALWAYS_SEARCH_USER_PATHS = NO;
				CLANG_ANALYZER_NONNULL = YES;
				CLANG_ANALYZER_NUMBER_OBJECT_CONVERSION = YES_AGGRESSIVE;
				CLANG_CXX_LANGUAGE_STANDARD = "gnu++17";
				CLANG_CXX_LIBRARY = "libc++";
				CLANG_ENABLE_MODULES = YES;
				CLANG_ENABLE_OBJC_ARC = YES;
				CLANG_ENABLE_OBJC_WEAK = YES;
				CLANG_WARN_BLOCK_CAPTURE_AUTORELEASING = YES;
				CLANG_WARN_BOOL_CONVERSION = YES;
				CLANG_WARN_COMMA = YES;
				CLANG_WARN_CONSTANT_CONVERSION = YES;
				CLANG_WARN_DEPRECATED_OBJC_IMPLEMENTATIONS = YES;
				CLANG_WARN_DIRECT_OBJC_ISA_USAGE = YES_ERROR;
				CLANG_WARN_DOCUMENTATION_COMMENTS = YES;
				CLANG_WARN_EMPTY_BODY = YES;
				CLANG_WARN_ENUM_CONVERSION = YES;
				CLANG_WARN_INFINITE_RECURSION = YES;
				CLANG_WARN_INT_CONVERSION = YES;
				CLANG_WARN_NON_LITERAL_NULL_CONVERSION = YES;
				CLANG_WARN_OBJC_IMPLICIT_RETAIN_SELF = YES;
				CLANG_WARN_OBJC_LITERAL_CONVERSION = YES;
				CLANG_WARN_OBJC_ROOT_CLASS = YES_ERROR;
				CLANG_WARN_QUOTED_INCLUDE_IN_FRAMEWORK_HEADER = YES;
				CLANG_WARN_RANGE_LOOP_ANALYSIS = YES;
				CLANG_WARN_STRICT_PROTOTYPES = YES;
				CLANG_WARN_SUSPICIOUS_MOVE = YES;
				CLANG_WARN_UNGUARDED_AVAILABILITY = YES_AGGRESSIVE;
				CLANG_WARN_UNREACHABLE_CODE = YES;
				CLANG_WARN__DUPLICATE_METHOD_MATCH = YES;
				COPY_PHASE_STRIP = NO;
				DEBUG_INFORMATION_FORMAT = dwarf;
				ENABLE_STRICT_OBJC_MSGSEND = YES;
				ENABLE_TESTABILITY = YES;
				GCC_C_LANGUAGE_STANDARD = gnu11;
				GCC_DYNAMIC_NO_PIC = NO;
				GCC_NO_COMMON_BLOCKS = YES;
				GCC_OPTIMIZATION_LEVEL = 0;
				GCC_PREPROCESSOR_DEFINITIONS = (
					"DEBUG=1",
					"$(inherited)",
				);
				GCC_WARN_64_TO_32_BIT_CONVERSION = YES;
				GCC_WARN_ABOUT_RETURN_TYPE = YES_ERROR;
				GCC_WARN_UNDECLARED_SELECTOR = YES;
				GCC_WARN_UNINITIALIZED_AUTOS = YES_AGGRESSIVE;
				GCC_WARN_UNUSED_FUNCTION = YES;
				GCC_WARN_UNUSED_VARIABLE = YES;
				IPHONEOS_DEPLOYMENT_TARGET = 15.0;
				MTL_ENABLE_DEBUG_INFO = INCLUDE_SOURCE;
				MTL_FAST_MATH = YES;
				ONLY_ACTIVE_ARCH = YES;
				SDKROOT = iphoneos;
				SWIFT_ACTIVE_COMPILATION_CONDITIONS = DEBUG;
				SWIFT_OPTIMIZATION_LEVEL = "-Onone";
			};
			name = Debug;
		};
		A4E0BD37272B056400388D32 /* Release */ = {
			isa = XCBuildConfiguration;
			buildSettings = {
				ALWAYS_SEARCH_USER_PATHS = NO;
				CLANG_ANALYZER_NONNULL = YES;
				CLANG_ANALYZER_NUMBER_OBJECT_CONVERSION = YES_AGGRESSIVE;
				CLANG_CXX_LANGUAGE_STANDARD = "gnu++17";
				CLANG_CXX_LIBRARY = "libc++";
				CLANG_ENABLE_MODULES = YES;
				CLANG_ENABLE_OBJC_ARC = YES;
				CLANG_ENABLE_OBJC_WEAK = YES;
				CLANG_WARN_BLOCK_CAPTURE_AUTORELEASING = YES;
				CLANG_WARN_BOOL_CONVERSION = YES;
				CLANG_WARN_COMMA = YES;
				CLANG_WARN_CONSTANT_CONVERSION = YES;
				CLANG_WARN_DEPRECATED_OBJC_IMPLEMENTATIONS = YES;
				CLANG_WARN_DIRECT_OBJC_ISA_USAGE = YES_ERROR;
				CLANG_WARN_DOCUMENTATION_COMMENTS = YES;
				CLANG_WARN_EMPTY_BODY = YES;
				CLANG_WARN_ENUM_CONVERSION = YES;
				CLANG_WARN_INFINITE_RECURSION = YES;
				CLANG_WARN_INT_CONVERSION = YES;
				CLANG_WARN_NON_LITERAL_NULL_CONVERSION = YES;
				CLANG_WARN_OBJC_IMPLICIT_RETAIN_SELF = YES;
				CLANG_WARN_OBJC_LITERAL_CONVERSION = YES;
				CLANG_WARN_OBJC_ROOT_CLASS = YES_ERROR;
				CLANG_WARN_QUOTED_INCLUDE_IN_FRAMEWORK_HEADER = YES;
				CLANG_WARN_RANGE_LOOP_ANALYSIS = YES;
				CLANG_WARN_STRICT_PROTOTYPES = YES;
				CLANG_WARN_SUSPICIOUS_MOVE = YES;
				CLANG_WARN_UNGUARDED_AVAILABILITY = YES_AGGRESSIVE;
				CLANG_WARN_UNREACHABLE_CODE = YES;
				CLANG_WARN__DUPLICATE_METHOD_MATCH = YES;
				COPY_PHASE_STRIP = NO;
				DEBUG_INFORMATION_FORMAT = "dwarf-with-dsym";
				ENABLE_NS_ASSERTIONS = NO;
				ENABLE_STRICT_OBJC_MSGSEND = YES;
				GCC_C_LANGUAGE_STANDARD = gnu11;
				GCC_NO_COMMON_BLOCKS = YES;
				GCC_WARN_64_TO_32_BIT_CONVERSION = YES;
				GCC_WARN_ABOUT_RETURN_TYPE = YES_ERROR;
				GCC_WARN_UNDECLARED_SELECTOR = YES;
				GCC_WARN_UNINITIALIZED_AUTOS = YES_AGGRESSIVE;
				GCC_WARN_UNUSED_FUNCTION = YES;
				GCC_WARN_UNUSED_VARIABLE = YES;
				IPHONEOS_DEPLOYMENT_TARGET = 15.0;
				MTL_ENABLE_DEBUG_INFO = NO;
				MTL_FAST_MATH = YES;
				SDKROOT = iphoneos;
				SWIFT_COMPILATION_MODE = wholemodule;
				SWIFT_OPTIMIZATION_LEVEL = "-O";
				VALIDATE_PRODUCT = YES;
			};
			name = Release;
		};
		A4E0BD39272B056400388D32 /* Debug */ = {
			isa = XCBuildConfiguration;
			baseConfigurationReference = A1D74B561C1B7CD4DDD4C398 /* Pods-Snacktacular.debug.xcconfig */;
			buildSettings = {
				ASSETCATALOG_COMPILER_APPICON_NAME = AppIcon;
				ASSETCATALOG_COMPILER_GLOBAL_ACCENT_COLOR_NAME = AccentColor;
				CODE_SIGN_STYLE = Automatic;
				CURRENT_PROJECT_VERSION = 1;
				DEVELOPMENT_TEAM = P4S97U2LLW;
				GENERATE_INFOPLIST_FILE = YES;
				INFOPLIST_FILE = Snacktacular/Info.plist;
				INFOPLIST_KEY_UIApplicationSupportsIndirectInputEvents = YES;
				INFOPLIST_KEY_UILaunchStoryboardName = LaunchScreen;
				INFOPLIST_KEY_UIMainStoryboardFile = Main;
				INFOPLIST_KEY_UISupportedInterfaceOrientations = "UIInterfaceOrientationPortrait UIInterfaceOrientationLandscapeLeft UIInterfaceOrientationLandscapeRight";
				INFOPLIST_KEY_UISupportedInterfaceOrientations_iPad = "UIInterfaceOrientationPortrait UIInterfaceOrientationPortraitUpsideDown UIInterfaceOrientationLandscapeLeft UIInterfaceOrientationLandscapeRight";
				INFOPLIST_KEY_UISupportedInterfaceOrientations_iPhone = "UIInterfaceOrientationPortrait UIInterfaceOrientationLandscapeLeft UIInterfaceOrientationLandscapeRight";
				LD_RUNPATH_SEARCH_PATHS = (
					"$(inherited)",
					"@executable_path/Frameworks",
				);
				MARKETING_VERSION = 1.0;
				PRODUCT_BUNDLE_IDENTIFIER = PhillipTracy.Snacktacular;
				PRODUCT_NAME = "$(TARGET_NAME)";
				SWIFT_EMIT_LOC_STRINGS = YES;
				SWIFT_VERSION = 5.0;
				TARGETED_DEVICE_FAMILY = "1,2";
			};
			name = Debug;
		};
		A4E0BD3A272B056400388D32 /* Release */ = {
			isa = XCBuildConfiguration;
			baseConfigurationReference = 0F3CB79E421BB423D1491D12 /* Pods-Snacktacular.release.xcconfig */;
			buildSettings = {
				ASSETCATALOG_COMPILER_APPICON_NAME = AppIcon;
				ASSETCATALOG_COMPILER_GLOBAL_ACCENT_COLOR_NAME = AccentColor;
				CODE_SIGN_STYLE = Automatic;
				CURRENT_PROJECT_VERSION = 1;
				DEVELOPMENT_TEAM = P4S97U2LLW;
				GENERATE_INFOPLIST_FILE = YES;
				INFOPLIST_FILE = Snacktacular/Info.plist;
				INFOPLIST_KEY_UIApplicationSupportsIndirectInputEvents = YES;
				INFOPLIST_KEY_UILaunchStoryboardName = LaunchScreen;
				INFOPLIST_KEY_UIMainStoryboardFile = Main;
				INFOPLIST_KEY_UISupportedInterfaceOrientations = "UIInterfaceOrientationPortrait UIInterfaceOrientationLandscapeLeft UIInterfaceOrientationLandscapeRight";
				INFOPLIST_KEY_UISupportedInterfaceOrientations_iPad = "UIInterfaceOrientationPortrait UIInterfaceOrientationPortraitUpsideDown UIInterfaceOrientationLandscapeLeft UIInterfaceOrientationLandscapeRight";
				INFOPLIST_KEY_UISupportedInterfaceOrientations_iPhone = "UIInterfaceOrientationPortrait UIInterfaceOrientationLandscapeLeft UIInterfaceOrientationLandscapeRight";
				LD_RUNPATH_SEARCH_PATHS = (
					"$(inherited)",
					"@executable_path/Frameworks",
				);
				MARKETING_VERSION = 1.0;
				PRODUCT_BUNDLE_IDENTIFIER = PhillipTracy.Snacktacular;
				PRODUCT_NAME = "$(TARGET_NAME)";
				SWIFT_EMIT_LOC_STRINGS = YES;
				SWIFT_VERSION = 5.0;
				TARGETED_DEVICE_FAMILY = "1,2";
			};
			name = Release;
		};
/* End XCBuildConfiguration section */

/* Begin XCConfigurationList section */
		A4E0BD1F272B056000388D32 /* Build configuration list for PBXProject "Snacktacular" */ = {
			isa = XCConfigurationList;
			buildConfigurations = (
				A4E0BD36272B056400388D32 /* Debug */,
				A4E0BD37272B056400388D32 /* Release */,
			);
			defaultConfigurationIsVisible = 0;
			defaultConfigurationName = Release;
		};
		A4E0BD38272B056400388D32 /* Build configuration list for PBXNativeTarget "Snacktacular" */ = {
			isa = XCConfigurationList;
			buildConfigurations = (
				A4E0BD39272B056400388D32 /* Debug */,
				A4E0BD3A272B056400388D32 /* Release */,
			);
			defaultConfigurationIsVisible = 0;
			defaultConfigurationName = Release;
		};
/* End XCConfigurationList section */
	};
	rootObject = A4E0BD1C272B056000388D32 /* Project object */;
}
